
Microsoft Visual Studio Solution File, Format Version 12.00
# Visual Studio Version 17
VisualStudioVersion = 17.11.35222.181
MinimumVisualStudioVersion = 10.0.40219.1
Project("{FAE04EC0-301F-11D3-BF4B-00C04F79EFBC}") = "ITSecLab2", "ITSecLab2.csproj", "{FC97FFAD-6608-4EF1-BE99-73F3AB0CBC86}"
EndProject
Global
	GlobalSection(SolutionConfigurationPlatforms) = preSolution
		Debug|Any CPU = Debug|Any CPU
		Release|Any CPU = Release|Any CPU
	EndGlobalSection
	GlobalSection(ProjectConfigurationPlatforms) = postSolution
		{FC97FFAD-6608-4EF1-BE99-73F3AB0CBC86}.Debug|Any CPU.ActiveCfg = Debug|Any CPU
		{FC97FFAD-6608-4EF1-BE99-73F3AB0CBC86}.Debug|Any CPU.Build.0 = Debug|Any CPU
		{FC97FFAD-6608-4EF1-BE99-73F3AB0CBC86}.Release|Any CPU.ActiveCfg = Release|Any CPU
		{FC97FFAD-6608-4EF1-BE99-73F3AB0CBC86}.Release|Any CPU.Build.0 = Release|Any CPU
	EndGlobalSection
	GlobalSection(SolutionProperties) = preSolution
		HideSolutionNode = FALSE
	EndGlobalSection
	GlobalSection(ExtensibilityGlobals) = postSolution
		SolutionGuid = {7F874B47-D658-4739-9E44-0C44D8153ABE}
	EndGlobalSection
EndGlobal
